// !$*UTF8*$!
{
	archiveVersion = 1;
	classes = {
	};
	objectVersion = 46;
	objects = {

/* Begin PBXBuildFile section */
		ED82A2F81B183BAE00BF2BE3 /* LocalisedStringHelper.xcscheme in Resources */ = {isa = PBXBuildFile; fileRef = ED82A2F71B183BAE00BF2BE3 /* LocalisedStringHelper.xcscheme */; };
		ED82A2FA1B183BAE00BF2BE3 /* LocalisedStringHelper.swift in Sources */ = {isa = PBXBuildFile; fileRef = ED82A2F91B183BAE00BF2BE3 /* LocalisedStringHelper.swift */; };
		ED82A2FC1B183BAE00BF2BE3 /* NSObject_Extension.swift in Sources */ = {isa = PBXBuildFile; fileRef = ED82A2FB1B183BAE00BF2BE3 /* NSObject_Extension.swift */; };
		F14F91655A0F6449801E8ABE /* libPods.a in Frameworks */ = {isa = PBXBuildFile; fileRef = 9E3E981C9504C2F36E187BCB /* libPods.a */; };
/* End PBXBuildFile section */

/* Begin PBXFileReference section */
		7D8735737EF8286F5E5FBAA9 /* Pods.debug.xcconfig */ = {isa = PBXFileReference; includeInIndex = 1; lastKnownFileType = text.xcconfig; name = Pods.debug.xcconfig; path = "Pods/Target Support Files/Pods/Pods.debug.xcconfig"; sourceTree = "<group>"; };
		9E3E981C9504C2F36E187BCB /* libPods.a */ = {isa = PBXFileReference; explicitFileType = archive.ar; includeInIndex = 0; path = libPods.a; sourceTree = BUILT_PRODUCTS_DIR; };
		ED82A2F21B183BAE00BF2BE3 /* LocalisedStringHelper.xcplugin */ = {isa = PBXFileReference; explicitFileType = wrapper.cfbundle; includeInIndex = 0; path = LocalisedStringHelper.xcplugin; sourceTree = BUILT_PRODUCTS_DIR; };
		ED82A2F61B183BAE00BF2BE3 /* Info.plist */ = {isa = PBXFileReference; lastKnownFileType = text.plist.xml; path = Info.plist; sourceTree = "<group>"; };
		ED82A2F71B183BAE00BF2BE3 /* LocalisedStringHelper.xcscheme */ = {isa = PBXFileReference; lastKnownFileType = text.xml; name = LocalisedStringHelper.xcscheme; path = LocalisedStringHelper.xcodeproj/xcshareddata/xcschemes/LocalisedStringHelper.xcscheme; sourceTree = SOURCE_ROOT; };
		ED82A2F91B183BAE00BF2BE3 /* LocalisedStringHelper.swift */ = {isa = PBXFileReference; lastKnownFileType = sourcecode.swift; path = LocalisedStringHelper.swift; sourceTree = "<group>"; };
		ED82A2FB1B183BAE00BF2BE3 /* NSObject_Extension.swift */ = {isa = PBXFileReference; lastKnownFileType = sourcecode.swift; path = NSObject_Extension.swift; sourceTree = "<group>"; };
		EE602AF21DEA18C70FA397DD /* Pods.release.xcconfig */ = {isa = PBXFileReference; includeInIndex = 1; lastKnownFileType = text.xcconfig; name = Pods.release.xcconfig; path = "Pods/Target Support Files/Pods/Pods.release.xcconfig"; sourceTree = "<group>"; };
/* End PBXFileReference section */

/* Begin PBXFrameworksBuildPhase section */
		4375EACDD8D999D7DAC62BF1 /* Frameworks */ = {
			isa = PBXFrameworksBuildPhase;
			buildActionMask = 2147483647;
			files = (
				F14F91655A0F6449801E8ABE /* libPods.a in Frameworks */,
			);
			runOnlyForDeploymentPostprocessing = 0;
		};
/* End PBXFrameworksBuildPhase section */

/* Begin PBXGroup section */
		16CA1C9A353B94A9B7F8D589 /* Frameworks */ = {
			isa = PBXGroup;
			children = (
				9E3E981C9504C2F36E187BCB /* libPods.a */,
			);
			name = Frameworks;
			sourceTree = "<group>";
		};
		8CDADB9827921D79DAE2E2A1 /* Pods */ = {
			isa = PBXGroup;
			children = (
				7D8735737EF8286F5E5FBAA9 /* Pods.debug.xcconfig */,
				EE602AF21DEA18C70FA397DD /* Pods.release.xcconfig */,
			);
			name = Pods;
			sourceTree = "<group>";
		};
		ED82A2EA1B183BAE00BF2BE3 = {
			isa = PBXGroup;
			children = (
				ED82A2F41B183BAE00BF2BE3 /* LocalisedStringHelper */,
				ED82A2F31B183BAE00BF2BE3 /* Products */,
				8CDADB9827921D79DAE2E2A1 /* Pods */,
				16CA1C9A353B94A9B7F8D589 /* Frameworks */,
			);
			sourceTree = "<group>";
		};
		ED82A2F31B183BAE00BF2BE3 /* Products */ = {
			isa = PBXGroup;
			children = (
				ED82A2F21B183BAE00BF2BE3 /* LocalisedStringHelper.xcplugin */,
			);
			name = Products;
			sourceTree = "<group>";
		};
		ED82A2F41B183BAE00BF2BE3 /* LocalisedStringHelper */ = {
			isa = PBXGroup;
			children = (
				ED82A2F91B183BAE00BF2BE3 /* LocalisedStringHelper.swift */,
				ED82A2FB1B183BAE00BF2BE3 /* NSObject_Extension.swift */,
				ED82A2F51B183BAE00BF2BE3 /* Supporting Files */,
			);
			path = LocalisedStringHelper;
			sourceTree = "<group>";
		};
		ED82A2F51B183BAE00BF2BE3 /* Supporting Files */ = {
			isa = PBXGroup;
			children = (
				ED82A2F61B183BAE00BF2BE3 /* Info.plist */,
				ED82A2F71B183BAE00BF2BE3 /* LocalisedStringHelper.xcscheme */,
			);
			name = "Supporting Files";
			sourceTree = "<group>";
		};
/* End PBXGroup section */

/* Begin PBXNativeTarget section */
		ED82A2F11B183BAE00BF2BE3 /* LocalisedStringHelper */ = {
			isa = PBXNativeTarget;
			buildConfigurationList = ED82A2FF1B183BAE00BF2BE3 /* Build configuration list for PBXNativeTarget "LocalisedStringHelper" */;
			buildPhases = (
				233998D94CC67617AE4A2D27 /* Check Pods Manifest.lock */,
				ED82A2EF1B183BAE00BF2BE3 /* Sources */,
				ED82A2F01B183BAE00BF2BE3 /* Resources */,
				4375EACDD8D999D7DAC62BF1 /* Frameworks */,
				696E781AED90D7020A65730F /* Copy Pods Resources */,
			);
			buildRules = (
			);
			dependencies = (
			);
			name = LocalisedStringHelper;
			productName = LocalisedStringHelper;
			productReference = ED82A2F21B183BAE00BF2BE3 /* LocalisedStringHelper.xcplugin */;
			productType = "com.apple.product-type.bundle";
		};
/* End PBXNativeTarget section */

/* Begin PBXProject section */
		ED82A2EB1B183BAE00BF2BE3 /* Project object */ = {
			isa = PBXProject;
			attributes = {
				LastUpgradeCheck = 0630;
				ORGANIZATIONNAME = yster;
				TargetAttributes = {
					ED82A2F11B183BAE00BF2BE3 = {
						CreatedOnToolsVersion = 6.3.2;
					};
				};
			};
			buildConfigurationList = ED82A2EE1B183BAE00BF2BE3 /* Build configuration list for PBXProject "LocalisedStringHelper" */;
			compatibilityVersion = "Xcode 3.2";
			developmentRegion = English;
			hasScannedForEncodings = 0;
			knownRegions = (
				en,
			);
			mainGroup = ED82A2EA1B183BAE00BF2BE3;
			productRefGroup = ED82A2F31B183BAE00BF2BE3 /* Products */;
			projectDirPath = "";
			projectRoot = "";
			targets = (
				ED82A2F11B183BAE00BF2BE3 /* LocalisedStringHelper */,
			);
		};
/* End PBXProject section */

/* Begin PBXResourcesBuildPhase section */
		ED82A2F01B183BAE00BF2BE3 /* Resources */ = {
			isa = PBXResourcesBuildPhase;
			buildActionMask = 2147483647;
			files = (
				ED82A2F81B183BAE00BF2BE3 /* LocalisedStringHelper.xcscheme in Resources */,
			);
			runOnlyForDeploymentPostprocessing = 0;
		};
/* End PBXResourcesBuildPhase section */

/* Begin PBXShellScriptBuildPhase section */
		233998D94CC67617AE4A2D27 /* Check Pods Manifest.lock */ = {
			isa = PBXShellScriptBuildPhase;
			buildActionMask = 2147483647;
			files = (
			);
			inputPaths = (
			);
			name = "Check Pods Manifest.lock";
			outputPaths = (
			);
			runOnlyForDeploymentPostprocessing = 0;
			shellPath = /bin/sh;
			shellScript = "diff \"${PODS_ROOT}/../Podfile.lock\" \"${PODS_ROOT}/Manifest.lock\" > /dev/null\nif [[ $? != 0 ]] ; then\n    cat << EOM\nerror: The sandbox is not in sync with the Podfile.lock. Run 'pod install' or update your CocoaPods installation.\nEOM\n    exit 1\nfi\n";
			showEnvVarsInLog = 0;
		};
		696E781AED90D7020A65730F /* Copy Pods Resources */ = {
			isa = PBXShellScriptBuildPhase;
			buildActionMask = 2147483647;
			files = (
			);
			inputPaths = (
			);
			name = "Copy Pods Resources";
			outputPaths = (
			);
			runOnlyForDeploymentPostprocessing = 0;
			shellPath = /bin/sh;
			shellScript = "\"${SRCROOT}/Pods/Target Support Files/Pods/Pods-resources.sh\"\n";
			showEnvVarsInLog = 0;
		};
/* End PBXShellScriptBuildPhase section */

/* Begin PBXSourcesBuildPhase section */
		ED82A2EF1B183BAE00BF2BE3 /* Sources */ = {
			isa = PBXSourcesBuildPhase;
			buildActionMask = 2147483647;
			files = (
				ED82A2FA1B183BAE00BF2BE3 /* LocalisedStringHelper.swift in Sources */,
				ED82A2FC1B183BAE00BF2BE3 /* NSObject_Extension.swift in Sources */,
			);
			runOnlyForDeploymentPostprocessing = 0;
		};
/* End PBXSourcesBuildPhase section */

/* Begin XCBuildConfiguration section */
		ED82A2FD1B183BAE00BF2BE3 /* Debug */ = {
			isa = XCBuildConfiguration;
			buildSettings = {
				ALWAYS_SEARCH_USER_PATHS = NO;
				CLANG_CXX_LANGUAGE_STANDARD = "gnu++0x";
				CLANG_CXX_LIBRARY = "libc++";
				CLANG_ENABLE_MODULES = YES;
				CLANG_ENABLE_OBJC_ARC = YES;
				CLANG_WARN_BOOL_CONVERSION = YES;
				CLANG_WARN_CONSTANT_CONVERSION = YES;
				CLANG_WARN_DIRECT_OBJC_ISA_USAGE = YES_ERROR;
				CLANG_WARN_EMPTY_BODY = YES;
				CLANG_WARN_ENUM_CONVERSION = YES;
				CLANG_WARN_INT_CONVERSION = YES;
				CLANG_WARN_OBJC_ROOT_CLASS = YES_ERROR;
				CLANG_WARN_UNREACHABLE_CODE = YES;
				CLANG_WARN__DUPLICATE_METHOD_MATCH = YES;
				COPY_PHASE_STRIP = NO;
				ENABLE_STRICT_OBJC_MSGSEND = YES;
				GCC_C_LANGUAGE_STANDARD = gnu99;
				GCC_DYNAMIC_NO_PIC = NO;
				GCC_NO_COMMON_BLOCKS = YES;
				GCC_OPTIMIZATION_LEVEL = 0;
				GCC_PREPROCESSOR_DEFINITIONS = (
					"DEBUG=1",
					"$(inherited)",
				);
				GCC_SYMBOLS_PRIVATE_EXTERN = NO;
				GCC_WARN_64_TO_32_BIT_CONVERSION = YES;
				GCC_WARN_ABOUT_RETURN_TYPE = YES_ERROR;
				GCC_WARN_UNDECLARED_SELECTOR = YES;
				GCC_WARN_UNINITIALIZED_AUTOS = YES_AGGRESSIVE;
				GCC_WARN_UNUSED_FUNCTION = YES;
				GCC_WARN_UNUSED_VARIABLE = YES;
				MTL_ENABLE_DEBUG_INFO = YES;
				ONLY_ACTIVE_ARCH = YES;
			};
			name = Debug;
		};
		ED82A2FE1B183BAE00BF2BE3 /* Release */ = {
			isa = XCBuildConfiguration;
			buildSettings = {
				ALWAYS_SEARCH_USER_PATHS = NO;
				CLANG_CXX_LANGUAGE_STANDARD = "gnu++0x";
				CLANG_CXX_LIBRARY = "libc++";
				CLANG_ENABLE_MODULES = YES;
				CLANG_ENABLE_OBJC_ARC = YES;
				CLANG_WARN_BOOL_CONVERSION = YES;
				CLANG_WARN_CONSTANT_CONVERSION = YES;
				CLANG_WARN_DIRECT_OBJC_ISA_USAGE = YES_ERROR;
				CLANG_WARN_EMPTY_BODY = YES;
				CLANG_WARN_ENUM_CONVERSION = YES;
				CLANG_WARN_INT_CONVERSION = YES;
				CLANG_WARN_OBJC_ROOT_CLASS = YES_ERROR;
				CLANG_WARN_UNREACHABLE_CODE = YES;
				CLANG_WARN__DUPLICATE_METHOD_MATCH = YES;
				COPY_PHASE_STRIP = NO;
				ENABLE_NS_ASSERTIONS = NO;
				ENABLE_STRICT_OBJC_MSGSEND = YES;
				GCC_C_LANGUAGE_STANDARD = gnu99;
				GCC_NO_COMMON_BLOCKS = YES;
				GCC_WARN_64_TO_32_BIT_CONVERSION = YES;
				GCC_WARN_ABOUT_RETURN_TYPE = YES_ERROR;
				GCC_WARN_UNDECLARED_SELECTOR = YES;
				GCC_WARN_UNINITIALIZED_AUTOS = YES_AGGRESSIVE;
				GCC_WARN_UNUSED_FUNCTION = YES;
				GCC_WARN_UNUSED_VARIABLE = YES;
				MTL_ENABLE_DEBUG_INFO = NO;
			};
			name = Release;
		};
		ED82A3001B183BAE00BF2BE3 /* Debug */ = {
			isa = XCBuildConfiguration;
			baseConfigurationReference = 7D8735737EF8286F5E5FBAA9 /* Pods.debug.xcconfig */;
			buildSettings = {
				COMBINE_HIDPI_IMAGES = YES;
				DEPLOYMENT_LOCATION = YES;
				DSTROOT = "$(HOME)";
				EMBEDDED_CONTENT_CONTAINS_SWIFT = YES;
				INFOPLIST_FILE = LocalisedStringHelper/Info.plist;
				INSTALL_PATH = "/Library/Application Support/Developer/Shared/Xcode/Plug-ins";
				LD_RUNPATH_SEARCH_PATHS = "$(DT_TOOLCHAIN_DIR)/usr/lib/swift/macosx";
				MACOSX_DEPLOYMENT_TARGET = 10.10;
				PRODUCT_NAME = "$(TARGET_NAME)";
				WRAPPER_EXTENSION = xcplugin;
			};
			name = Debug;
		};
		ED82A3011B183BAE00BF2BE3 /* Release */ = {
			isa = XCBuildConfiguration;
			baseConfigurationReference = EE602AF21DEA18C70FA397DD /* Pods.release.xcconfig */;
			buildSettings = {
				COMBINE_HIDPI_IMAGES = YES;
				DEPLOYMENT_LOCATION = YES;
				DSTROOT = "$(HOME)";
				EMBEDDED_CONTENT_CONTAINS_SWIFT = YES;
				INFOPLIST_FILE = LocalisedStringHelper/Info.plist;
				INSTALL_PATH = "/Library/Application Support/Developer/Shared/Xcode/Plug-ins";
				LD_RUNPATH_SEARCH_PATHS = "$(DT_TOOLCHAIN_DIR)/usr/lib/swift/macosx";
				MACOSX_DEPLOYMENT_TARGET = 10.10;
				PRODUCT_NAME = "$(TARGET_NAME)";
				WRAPPER_EXTENSION = xcplugin;
			};
			name = Release;
		};
/* End XCBuildConfiguration section */

/* Begin XCConfigurationList section */
		ED82A2EE1B183BAE00BF2BE3 /* Build configuration list for PBXProject "LocalisedStringHelper" */ = {
			isa = XCConfigurationList;
			buildConfigurations = (
				ED82A2FD1B183BAE00BF2BE3 /* Debug */,
				ED82A2FE1B183BAE00BF2BE3 /* Release */,
			);
			defaultConfigurationIsVisible = 0;
			defaultConfigurationName = Release;
		};
		ED82A2FF1B183BAE00BF2BE3 /* Build configuration list for PBXNativeTarget "LocalisedStringHelper" */ = {
			isa = XCConfigurationList;
			buildConfigurations = (
				ED82A3001B183BAE00BF2BE3 /* Debug */,
				ED82A3011B183BAE00BF2BE3 /* Release */,
			);
			defaultConfigurationIsVisible = 0;
			defaultConfigurationName = Release;
		};
/* End XCConfigurationList section */
	};
	rootObject = ED82A2EB1B183BAE00BF2BE3 /* Project object */;
}
